
Microsoft Visual Studio Solution File, Format Version 12.00
# Visual Studio Version 16
VisualStudioVersion = 16.0.29911.84
MinimumVisualStudioVersion = 10.0.40219.1
Project("{FAE04EC0-301F-11D3-BF4B-00C04F79EFBC}") = "primerProyecto", "primerProyecto\primerProyecto.csproj", "{9EF1449C-E922-4169-A8E6-1D5DB013A4DB}"
EndProject
Global
	GlobalSection(SolutionConfigurationPlatforms) = preSolution
		Debug|Any CPU = Debug|Any CPU
		Release|Any CPU = Release|Any CPU
	EndGlobalSection
	GlobalSection(ProjectConfigurationPlatforms) = postSolution
		{9EF1449C-E922-4169-A8E6-1D5DB013A4DB}.Debug|Any CPU.ActiveCfg = Debug|Any CPU
		{9EF1449C-E922-4169-A8E6-1D5DB013A4DB}.Debug|Any CPU.Build.0 = Debug|Any CPU
		{9EF1449C-E922-4169-A8E6-1D5DB013A4DB}.Release|Any CPU.ActiveCfg = Release|Any CPU
		{9EF1449C-E922-4169-A8E6-1D5DB013A4DB}.Release|Any CPU.Build.0 = Release|Any CPU
	EndGlobalSection
	GlobalSection(SolutionProperties) = preSolution
		HideSolutionNode = FALSE
	EndGlobalSection
	GlobalSection(ExtensibilityGlobals) = postSolution
		SolutionGuid = {FA12B848-9CDD-4088-BFEF-8E88163EDF75}
	EndGlobalSection
EndGlobal
